
Microsoft Visual Studio Solution File, Format Version 12.00
# Visual Studio Version 16
VisualStudioVersion = 16.0.30011.22
MinimumVisualStudioVersion = 10.0.40219.1
Project("{9A19103F-16F7-4668-BE54-9A1E7A4F7556}") = "WideWorldImporters.Catalog.Web", "WideWorldImporters.Catalog.Web\WideWorldImporters.Catalog.Web.csproj", "{5FC49D16-E94F-4814-898E-49DF87C4DFE5}"
EndProject
Project("{9A19103F-16F7-4668-BE54-9A1E7A4F7556}") = "WideWorldImporters.Catalog.Domain", "WideWorldImporters.Catalog.Domain\WideWorldImporters.Catalog.Domain.csproj", "{5DE8F628-CA69-45EA-BAC9-EFF9CEA1A5B6}"
EndProject
Project("{FAE04EC0-301F-11D3-BF4B-00C04F79EFBC}") = "WideWorldImporters.Catalog.Application", "WideWorldImporters.Catalog.Application\WideWorldImporters.Catalog.Application.csproj", "{2C243159-8D54-45B7-B127-5228D9426AFF}"
EndProject
Global
	GlobalSection(SolutionConfigurationPlatforms) = preSolution
		Debug|Any CPU = Debug|Any CPU
		Release|Any CPU = Release|Any CPU
	EndGlobalSection
	GlobalSection(ProjectConfigurationPlatforms) = postSolution
		{5FC49D16-E94F-4814-898E-49DF87C4DFE5}.Debug|Any CPU.ActiveCfg = Debug|Any CPU
		{5FC49D16-E94F-4814-898E-49DF87C4DFE5}.Debug|Any CPU.Build.0 = Debug|Any CPU
		{5FC49D16-E94F-4814-898E-49DF87C4DFE5}.Release|Any CPU.ActiveCfg = Release|Any CPU
		{5FC49D16-E94F-4814-898E-49DF87C4DFE5}.Release|Any CPU.Build.0 = Release|Any CPU
		{5DE8F628-CA69-45EA-BAC9-EFF9CEA1A5B6}.Debug|Any CPU.ActiveCfg = Debug|Any CPU
		{5DE8F628-CA69-45EA-BAC9-EFF9CEA1A5B6}.Debug|Any CPU.Build.0 = Debug|Any CPU
		{5DE8F628-CA69-45EA-BAC9-EFF9CEA1A5B6}.Release|Any CPU.ActiveCfg = Release|Any CPU
		{5DE8F628-CA69-45EA-BAC9-EFF9CEA1A5B6}.Release|Any CPU.Build.0 = Release|Any CPU
		{2C243159-8D54-45B7-B127-5228D9426AFF}.Debug|Any CPU.ActiveCfg = Debug|Any CPU
		{2C243159-8D54-45B7-B127-5228D9426AFF}.Debug|Any CPU.Build.0 = Debug|Any CPU
		{2C243159-8D54-45B7-B127-5228D9426AFF}.Release|Any CPU.ActiveCfg = Release|Any CPU
		{2C243159-8D54-45B7-B127-5228D9426AFF}.Release|Any CPU.Build.0 = Release|Any CPU
	EndGlobalSection
	GlobalSection(SolutionProperties) = preSolution
		HideSolutionNode = FALSE
	EndGlobalSection
	GlobalSection(ExtensibilityGlobals) = postSolution
		SolutionGuid = {E40DBE67-E81F-4132-8948-AF83B9EFBEE2}
	EndGlobalSection
EndGlobal
